{
  "name": "logs-1.2.0",
  "lockfileVersion": 3,
  "requires": true,
  "packages": {
    "": {
      "dependencies": {
        "version-push": "^1.0.1"
      },
      "version": "3.1.7"
    },
    "node_modules/version-push": {
      "version": "1.0.1",
      "resolved": "https://registry.npmjs.org/version-push/-/version-push-1.0.1.tgz",
      "integrity": "sha512-pVAaV8eoCCe/yGdAm4wHBSFZSDzH22DWtaV3n9rMyZmhhfofqlWSRayP923fGZoKnbchfGJyBc1X9NXuaZ8rjA=="
    }
  },
  "version": "3.1.7"
}
